
Microsoft Visual Studio Solution File, Format Version 12.00
# Visual Studio Version 16
VisualStudioVersion = 16.0.30002.166
MinimumVisualStudioVersion = 10.0.40219.1
Project("{FAE04EC0-301F-11D3-BF4B-00C04F79EFBC}") = "Serilog.Sinks.Sharepoint", "Serilog.Sinks.Sharepoint\Serilog.Sinks.Sharepoint.csproj", "{1C4D0CEB-E883-4485-ABFA-47ED0CB1F577}"
EndProject
Global
	GlobalSection(SolutionConfigurationPlatforms) = preSolution
		Debug|Any CPU = Debug|Any CPU
		Release|Any CPU = Release|Any CPU
	EndGlobalSection
	GlobalSection(ProjectConfigurationPlatforms) = postSolution
		{1C4D0CEB-E883-4485-ABFA-47ED0CB1F577}.Debug|Any CPU.ActiveCfg = Debug|Any CPU
		{1C4D0CEB-E883-4485-ABFA-47ED0CB1F577}.Debug|Any CPU.Build.0 = Debug|Any CPU
		{1C4D0CEB-E883-4485-ABFA-47ED0CB1F577}.Release|Any CPU.ActiveCfg = Release|Any CPU
		{1C4D0CEB-E883-4485-ABFA-47ED0CB1F577}.Release|Any CPU.Build.0 = Release|Any CPU
	EndGlobalSection
	GlobalSection(SolutionProperties) = preSolution
		HideSolutionNode = FALSE
	EndGlobalSection
	GlobalSection(ExtensibilityGlobals) = postSolution
		SolutionGuid = {51EFCD07-4435-44EB-9A01-5E6F02E30078}
	EndGlobalSection
EndGlobal
